
Microsoft Visual Studio Solution File, Format Version 12.00
# Visual Studio Version 16
VisualStudioVersion = 16.0.30621.155
MinimumVisualStudioVersion = 10.0.40219.1
Project("{FAE04EC0-301F-11D3-BF4B-00C04F79EFBC}") = "FYP_Prototype", "FYP_Prototype\FYP_Prototype.csproj", "{28E21D97-FCF9-4476-A55A-05E5B4D73288}"
EndProject
Global
	GlobalSection(SolutionConfigurationPlatforms) = preSolution
		Debug|Any CPU = Debug|Any CPU
		Release|Any CPU = Release|Any CPU
	EndGlobalSection
	GlobalSection(ProjectConfigurationPlatforms) = postSolution
		{28E21D97-FCF9-4476-A55A-05E5B4D73288}.Debug|Any CPU.ActiveCfg = Debug|Any CPU
		{28E21D97-FCF9-4476-A55A-05E5B4D73288}.Debug|Any CPU.Build.0 = Debug|Any CPU
		{28E21D97-FCF9-4476-A55A-05E5B4D73288}.Release|Any CPU.ActiveCfg = Release|Any CPU
		{28E21D97-FCF9-4476-A55A-05E5B4D73288}.Release|Any CPU.Build.0 = Release|Any CPU
	EndGlobalSection
	GlobalSection(SolutionProperties) = preSolution
		HideSolutionNode = FALSE
	EndGlobalSection
	GlobalSection(ExtensibilityGlobals) = postSolution
		SolutionGuid = {1E8BF597-0714-4D4D-908F-1D1741C6BD52}
	EndGlobalSection
EndGlobal
